
Microsoft Visual Studio Solution File, Format Version 12.00
# Visual Studio Version 16
VisualStudioVersion = 16.0.28922.388
MinimumVisualStudioVersion = 10.0.40219.1
Project("{FAE04EC0-301F-11D3-BF4B-00C04F79EFBC}") = "Challenge-01", "Challenge-01\Challenge-01.csproj", "{293C6869-66E6-4C59-91F5-A1677A4ADC1D}"
EndProject
Project("{FAE04EC0-301F-11D3-BF4B-00C04F79EFBC}") = "Challenge-02", "Challenge-02\Challenge-02.csproj", "{9E2BE48C-A853-43E4-81B5-3A4E0034ABFE}"
EndProject
Project("{FAE04EC0-301F-11D3-BF4B-00C04F79EFBC}") = "Challenge-03", "Challenge-03\Challenge-03.csproj", "{DA0F1CCC-FB56-4299-8DEF-A3E59017B1C8}"
EndProject
Project("{FAE04EC0-301F-11D3-BF4B-00C04F79EFBC}") = "Challenge-04", "Challenge-04\Challenge-04.csproj", "{7163A850-4F27-4A34-AA6C-452BEA9CC76D}"
EndProject
Project("{FAE04EC0-301F-11D3-BF4B-00C04F79EFBC}") = "Challenge-05", "Challenge-05\Challenge-05.csproj", "{F6072007-68BE-4C53-8C71-F70C385A0F95}"
EndProject
Project("{2150E333-8FDC-42A3-9474-1A3956D46DE8}") = "Others", "Others", "{9AE811D4-5776-426B-96E4-530F7297D62C}"
EndProject
Project("{FAE04EC0-301F-11D3-BF4B-00C04F79EFBC}") = "ChallengeStaircase", "ChallengeStaircase\ChallengeStaircase.csproj", "{EC4A7BD8-5CB4-416B-BE22-DE3EB789A3B2}"
EndProject
Project("{FAE04EC0-301F-11D3-BF4B-00C04F79EFBC}") = "ChallengeMiniMaxSum", "ChallengeMiniMaxSum\ChallengeMiniMaxSum.csproj", "{8EC620A1-E1F9-4D2C-8F84-7A1F46125F90}"
EndProject
Global
	GlobalSection(SolutionConfigurationPlatforms) = preSolution
		Debug|Any CPU = Debug|Any CPU
		Release|Any CPU = Release|Any CPU
	EndGlobalSection
	GlobalSection(ProjectConfigurationPlatforms) = postSolution
		{293C6869-66E6-4C59-91F5-A1677A4ADC1D}.Debug|Any CPU.ActiveCfg = Debug|Any CPU
		{293C6869-66E6-4C59-91F5-A1677A4ADC1D}.Debug|Any CPU.Build.0 = Debug|Any CPU
		{293C6869-66E6-4C59-91F5-A1677A4ADC1D}.Release|Any CPU.ActiveCfg = Release|Any CPU
		{293C6869-66E6-4C59-91F5-A1677A4ADC1D}.Release|Any CPU.Build.0 = Release|Any CPU
		{9E2BE48C-A853-43E4-81B5-3A4E0034ABFE}.Debug|Any CPU.ActiveCfg = Debug|Any CPU
		{9E2BE48C-A853-43E4-81B5-3A4E0034ABFE}.Debug|Any CPU.Build.0 = Debug|Any CPU
		{9E2BE48C-A853-43E4-81B5-3A4E0034ABFE}.Release|Any CPU.ActiveCfg = Release|Any CPU
		{9E2BE48C-A853-43E4-81B5-3A4E0034ABFE}.Release|Any CPU.Build.0 = Release|Any CPU
		{DA0F1CCC-FB56-4299-8DEF-A3E59017B1C8}.Debug|Any CPU.ActiveCfg = Debug|Any CPU
		{DA0F1CCC-FB56-4299-8DEF-A3E59017B1C8}.Debug|Any CPU.Build.0 = Debug|Any CPU
		{DA0F1CCC-FB56-4299-8DEF-A3E59017B1C8}.Release|Any CPU.ActiveCfg = Release|Any CPU
		{DA0F1CCC-FB56-4299-8DEF-A3E59017B1C8}.Release|Any CPU.Build.0 = Release|Any CPU
		{7163A850-4F27-4A34-AA6C-452BEA9CC76D}.Debug|Any CPU.ActiveCfg = Debug|Any CPU
		{7163A850-4F27-4A34-AA6C-452BEA9CC76D}.Debug|Any CPU.Build.0 = Debug|Any CPU
		{7163A850-4F27-4A34-AA6C-452BEA9CC76D}.Release|Any CPU.ActiveCfg = Release|Any CPU
		{7163A850-4F27-4A34-AA6C-452BEA9CC76D}.Release|Any CPU.Build.0 = Release|Any CPU
		{F6072007-68BE-4C53-8C71-F70C385A0F95}.Debug|Any CPU.ActiveCfg = Debug|Any CPU
		{F6072007-68BE-4C53-8C71-F70C385A0F95}.Debug|Any CPU.Build.0 = Debug|Any CPU
		{F6072007-68BE-4C53-8C71-F70C385A0F95}.Release|Any CPU.ActiveCfg = Release|Any CPU
		{F6072007-68BE-4C53-8C71-F70C385A0F95}.Release|Any CPU.Build.0 = Release|Any CPU
		{EC4A7BD8-5CB4-416B-BE22-DE3EB789A3B2}.Debug|Any CPU.ActiveCfg = Debug|Any CPU
		{EC4A7BD8-5CB4-416B-BE22-DE3EB789A3B2}.Debug|Any CPU.Build.0 = Debug|Any CPU
		{EC4A7BD8-5CB4-416B-BE22-DE3EB789A3B2}.Release|Any CPU.ActiveCfg = Release|Any CPU
		{EC4A7BD8-5CB4-416B-BE22-DE3EB789A3B2}.Release|Any CPU.Build.0 = Release|Any CPU
		{8EC620A1-E1F9-4D2C-8F84-7A1F46125F90}.Debug|Any CPU.ActiveCfg = Debug|Any CPU
		{8EC620A1-E1F9-4D2C-8F84-7A1F46125F90}.Debug|Any CPU.Build.0 = Debug|Any CPU
		{8EC620A1-E1F9-4D2C-8F84-7A1F46125F90}.Release|Any CPU.ActiveCfg = Release|Any CPU
		{8EC620A1-E1F9-4D2C-8F84-7A1F46125F90}.Release|Any CPU.Build.0 = Release|Any CPU
	EndGlobalSection
	GlobalSection(SolutionProperties) = preSolution
		HideSolutionNode = FALSE
	EndGlobalSection
	GlobalSection(NestedProjects) = preSolution
		{EC4A7BD8-5CB4-416B-BE22-DE3EB789A3B2} = {9AE811D4-5776-426B-96E4-530F7297D62C}
		{8EC620A1-E1F9-4D2C-8F84-7A1F46125F90} = {9AE811D4-5776-426B-96E4-530F7297D62C}
	EndGlobalSection
	GlobalSection(ExtensibilityGlobals) = postSolution
		SolutionGuid = {E7255061-B98A-4E4A-A076-D61E4FAC94A0}
	EndGlobalSection
EndGlobal
